{
  "nodes": {
    "agenix": {
      "inputs": {
        "darwin": "darwin",
        "home-manager": "home-manager",
        "nixpkgs": [
          "nixpkgs"
        ],
        "systems": "systems"
      },
      "locked": {
        "lastModified": 1712079060,
        "narHash": "sha256-/JdiT9t+zzjChc5qQiF+jhrVhRt8figYH29rZO7pFe4=",
        "owner": "ryantm",
        "repo": "agenix",
        "rev": "1381a759b205dff7a6818733118d02253340fd5e",
        "type": "github"
      },
      "original": {
        "owner": "ryantm",
        "repo": "agenix",
        "type": "github"
      }
    },
    "attic": {
      "inputs": {
        "crane": [
          "chaotic",
          "crane"
        ],
        "flake-compat": [
          "chaotic",
          "flake-compat"
        ],
        "flake-utils": [
          "chaotic",
          "flake-utils"
        ],
        "nixpkgs": [
          "chaotic",
          "nixpkgs"
        ],
        "nixpkgs-stable": "nixpkgs-stable"
      },
      "locked": {
        "lastModified": 1711742460,
        "narHash": "sha256-0O4v6e4a1toxXZ2gf5INhg4WPE5C5T+SVvsBt+45Mcc=",
        "rev": "4dbdbee45728d8ce5788db6461aaaa89d98081f0",
        "revCount": 197,
        "type": "tarball",
        "url": "https://api.flakehub.com/f/pinned/zhaofengli/attic/0.1.197%2Brev-4dbdbee45728d8ce5788db6461aaaa89d98081f0/018e8bce-1229-7d78-a052-5121272f0341/source.tar.gz"
      },
      "original": {
        "type": "tarball",
        "url": "https://flakehub.com/f/zhaofengli/attic/0.1.%2A.tar.gz"
      }
    },
    "chaotic": {
      "inputs": {
        "attic": "attic",
        "compare-to": "compare-to",
        "conduit": "conduit",
        "crane": "crane",
        "fenix": "fenix",
        "flake-compat": "flake-compat",
        "flake-schemas": "flake-schemas",
        "flake-utils": "flake-utils",
        "home-manager": "home-manager_2",
        "jovian": "jovian",
        "jujutsu": "jujutsu",
        "niri": "niri",
        "nix-filter": "nix-filter",
        "nixpkgs": [
          "nixpkgs"
        ],
        "systems": "systems_2",
        "yafas": "yafas"
      },
      "locked": {
        "lastModified": 1712786091,
        "narHash": "sha256-YK84WXkrqs0/uVoXb8x3+xx1P1dn/IoO+DwD6P/+7n0=",
        "owner": "chaotic-cx",
        "repo": "nyx",
        "rev": "0d1cb79bc1fdae025f557f6c5053c69b35f4cc35",
        "type": "github"
      },
      "original": {
        "owner": "chaotic-cx",
        "ref": "nyxpkgs-unstable",
        "repo": "nyx",
        "type": "github"
      }
    },
    "compare-to": {
      "locked": {
        "lastModified": 1695341185,
        "narHash": "sha256-htO6DSbWyCgaDkxi7foPjXwJFPzGjVt3RRUbPSpNtZY=",
        "rev": "98b8e330823a3570d328720f87a1153f8a7f2224",
        "revCount": 2,
        "type": "tarball",
        "url": "https://api.flakehub.com/f/pinned/chaotic-cx/nix-empty-flake/0.1.2%2Brev-98b8e330823a3570d328720f87a1153f8a7f2224/018aba35-d228-7fa9-b205-7616c89ef4e0/source.tar.gz"
      },
      "original": {
        "type": "tarball",
        "url": "https://flakehub.com/f/chaotic-cx/nix-empty-flake/%3D0.1.2.tar.gz"
      }
    },
    "conduit": {
      "inputs": {
        "attic": [
          "chaotic",
          "attic"
        ],
        "crane": [
          "chaotic",
          "crane"
        ],
        "fenix": [
          "chaotic",
          "fenix"
        ],
        "flake-compat": [
          "chaotic",
          "flake-compat"
        ],
        "flake-utils": [
          "chaotic",
          "flake-utils"
        ],
        "nix-filter": [
          "chaotic",
          "nix-filter"
        ],
        "nixpkgs": [
          "chaotic",
          "nixpkgs"
        ]
      },
      "locked": {
        "lastModified": 1712690805,
        "narHash": "sha256-5/gL5CM1MeuHh3zoSyt07lhJTb5GBGRTIGFqONyJl9g=",
        "owner": "girlbossceo",
        "repo": "conduwuit",
        "rev": "6345742e8b83a528353beb0fbb0e5b54aa39191d",
        "type": "github"
      },
      "original": {
        "owner": "girlbossceo",
        "repo": "conduwuit",
        "type": "github"
      }
    },
    "crane": {
      "inputs": {
        "nixpkgs": [
          "chaotic",
          "nixpkgs"
        ]
      },
      "locked": {
        "lastModified": 1706473297,
        "narHash": "sha256-FbxuYIrHaXpsYCLtI1gCNJhd+qvERjPibXL3ctmVaCs=",
        "rev": "fe812ef0dad5bb93a56c599d318be176d080281d",
        "revCount": 493,
        "type": "tarball",
        "url": "https://api.flakehub.com/f/pinned/ipetkov/crane/0.16.1/018d51be-1c17-765e-babc-c9e3bc8a5a14/source.tar.gz"
      },
      "original": {
        "type": "tarball",
        "url": "https://flakehub.com/f/ipetkov/crane/%2A.tar.gz"
      }
    },
    "darwin": {
      "inputs": {
        "nixpkgs": [
          "agenix",
          "nixpkgs"
        ]
      },
      "locked": {
        "lastModified": 1700795494,
        "narHash": "sha256-gzGLZSiOhf155FW7262kdHo2YDeugp3VuIFb4/GGng0=",
        "owner": "lnl7",
        "repo": "nix-darwin",
        "rev": "4b9b83d5a92e8c1fbfd8eb27eda375908c11ec4d",
        "type": "github"
      },
      "original": {
        "owner": "lnl7",
        "ref": "master",
        "repo": "nix-darwin",
        "type": "github"
      }
    },
    "devshells": {
      "inputs": {
        "nixphps": "nixphps",
        "nixpkgs": [
          "nixpkgs"
        ]
      },
      "locked": {
        "lastModified": 1696826274,
        "narHash": "sha256-wSgiH11yRQZf4JfcnIlSekr1jHaE/y1OBXn1diukIY8=",
        "owner": "tcarrio",
        "repo": "devshells",
        "rev": "9e8da77202d216b2a21de1cba773a1706a8445f5",
        "type": "github"
      },
      "original": {
        "owner": "tcarrio",
        "repo": "devshells",
        "type": "github"
      }
    },
    "disko": {
      "inputs": {
        "nixpkgs": [
          "nixpkgs"
        ]
      },
      "locked": {
        "lastModified": 1712798444,
        "narHash": "sha256-aAksVB7zMfBQTz0q2Lw3o78HM3Bg2FRziX2D6qnh+sk=",
        "owner": "nix-community",
        "repo": "disko",
        "rev": "a297cb1cb0337ee10a7a0f9517954501d8f6f74d",
        "type": "github"
      },
      "original": {
        "owner": "nix-community",
        "repo": "disko",
        "type": "github"
      }
    },
    "doom-emacs": {
      "flake": false,
      "locked": {
        "lastModified": 1662497747,
        "narHash": "sha256-4n7E1fqda7cn5/F2jTkOnKw1juG6XMS/FI9gqODL3aU=",
        "owner": "doomemacs",
        "repo": "doomemacs",
        "rev": "3853dff5e11655e858d0bfae64b70cb12ef685ac",
        "type": "github"
      },
      "original": {
        "owner": "doomemacs",
        "repo": "doomemacs",
        "rev": "3853dff5e11655e858d0bfae64b70cb12ef685ac",
        "type": "github"
      }
    },
    "doom-snippets": {
      "flake": false,
      "locked": {
        "lastModified": 1694887483,
        "narHash": "sha256-KlKhruPSLPSKqUnr5/U65arm16VrY9ORzm+XKNZhpTQ=",
        "owner": "doomemacs",
        "repo": "snippets",
        "rev": "f022984ee1318a4015d5d081b3c3dab5a60dc6ff",
        "type": "github"
      },
      "original": {
        "owner": "doomemacs",
        "repo": "snippets",
        "type": "github"
      }
    },
    "emacs-overlay": {
      "flake": false,
      "locked": {
        "lastModified": 1676366521,
        "narHash": "sha256-i4UAY8t9Au9SJtsgYppa3NHSVf1YkV6yqnNIQd+Km4g=",
        "owner": "nix-community",
        "repo": "emacs-overlay",
        "rev": "c16be6de78ea878aedd0292aa5d4a1ee0a5da501",
        "type": "github"
      },
      "original": {
        "owner": "nix-community",
        "repo": "emacs-overlay",
        "rev": "c16be6de78ea878aedd0292aa5d4a1ee0a5da501",
        "type": "github"
      }
    },
    "emacs-so-long": {
      "flake": false,
      "locked": {
        "lastModified": 1575031854,
        "narHash": "sha256-xIa5zO0ZaToDrec1OFjBK6l39AbA4l/CE4LInVu2hi0=",
        "owner": "hlissner",
        "repo": "emacs-so-long",
        "rev": "ed666b0716f60e8988c455804de24b55919e71ca",
        "type": "github"
      },
      "original": {
        "owner": "hlissner",
        "repo": "emacs-so-long",
        "type": "github"
      }
    },
    "evil-escape": {
      "flake": false,
      "locked": {
        "lastModified": 1588439096,
        "narHash": "sha256-aB2Ge5o/93B18tPf4fN1c+O46CNh/nOqwLJbox4c8Gw=",
        "owner": "hlissner",
        "repo": "evil-escape",
        "rev": "819f1ee1cf3f69a1ae920e6004f2c0baeebbe077",
        "type": "github"
      },
      "original": {
        "owner": "hlissner",
        "repo": "evil-escape",
        "type": "github"
      }
    },
    "evil-markdown": {
      "flake": false,
      "locked": {
        "lastModified": 1626852210,
        "narHash": "sha256-HBBuZ1VWIn6kwK5CtGIvHM1+9eiNiKPH0GUsyvpUVN8=",
        "owner": "Somelauw",
        "repo": "evil-markdown",
        "rev": "8e6cc68af83914b2fa9fd3a3b8472573dbcef477",
        "type": "github"
      },
      "original": {
        "owner": "Somelauw",
        "repo": "evil-markdown",
        "type": "github"
      }
    },
    "evil-org-mode": {
      "flake": false,
      "locked": {
        "lastModified": 1607203864,
        "narHash": "sha256-JxwqVYDN6OIJEH15MVI6XOZAPtUWUhJQWHyzcrUvrFg=",
        "owner": "hlissner",
        "repo": "evil-org-mode",
        "rev": "a9706da260c45b98601bcd72b1d2c0a24a017700",
        "type": "github"
      },
      "original": {
        "owner": "hlissner",
        "repo": "evil-org-mode",
        "type": "github"
      }
    },
    "evil-quick-diff": {
      "flake": false,
      "locked": {
        "lastModified": 1575189609,
        "narHash": "sha256-oGzl1ayW9rIuq0haoiFS7RZsS8NFMdEA7K1BSozgnJU=",
        "owner": "rgrinberg",
        "repo": "evil-quick-diff",
        "rev": "69c883720b30a892c63bc89f49d4f0e8b8028908",
        "type": "github"
      },
      "original": {
        "owner": "rgrinberg",
        "repo": "evil-quick-diff",
        "type": "github"
      }
    },
    "explain-pause-mode": {
      "flake": false,
      "locked": {
        "lastModified": 1595842060,
        "narHash": "sha256-++znrjiDSx+cy4okFBBXUBkRFdtnE2x+trkmqjB3Njs=",
        "owner": "lastquestion",
        "repo": "explain-pause-mode",
        "rev": "2356c8c3639cbeeb9751744dbe737267849b4b51",
        "type": "github"
      },
      "original": {
        "owner": "lastquestion",
        "repo": "explain-pause-mode",
        "type": "github"
      }
    },
    "fenix": {
      "inputs": {
        "nixpkgs": [
          "chaotic",
          "nixpkgs"
        ],
        "rust-analyzer-src": "rust-analyzer-src"
      },
      "locked": {
        "lastModified": 1711952616,
        "narHash": "sha256-WJvDdOph001fA1Ap3AyaQtz/afJAe7meSG5uJAdSE+A=",
        "rev": "209048d7c545905c470f6f8c05c5061f391031a8",
        "revCount": 1822,
        "type": "tarball",
        "url": "https://api.flakehub.com/f/pinned/nix-community/fenix/0.1.1822%2Brev-209048d7c545905c470f6f8c05c5061f391031a8/018e98ba-d842-7dad-9d6a-0d0ee173b6b1/source.tar.gz"
      },
      "original": {
        "type": "tarball",
        "url": "https://flakehub.com/f/nix-community/fenix/0.1.%2A.tar.gz"
      }
    },
    "flake-compat": {
      "flake": false,
      "locked": {
        "lastModified": 1696426674,
        "narHash": "sha256-kvjfFW7WAETZlt09AgDn1MrtKzP7t90Vf7vypd3OL1U=",
        "rev": "0f9255e01c2351cc7d116c072cb317785dd33b33",
        "revCount": 57,
        "type": "tarball",
        "url": "https://api.flakehub.com/f/pinned/edolstra/flake-compat/1.0.1/018afb31-abd1-7bff-a5e4-cff7e18efb7a/source.tar.gz"
      },
      "original": {
        "type": "tarball",
        "url": "https://flakehub.com/f/edolstra/flake-compat/%2A.tar.gz"
      }
    },
    "flake-compat_2": {
      "flake": false,
      "locked": {
        "lastModified": 1673956053,
        "narHash": "sha256-4gtG9iQuiKITOjNQQeQIpoIB6b16fm+504Ch3sNKLd8=",
        "owner": "edolstra",
        "repo": "flake-compat",
        "rev": "35bb57c0c8d8b62bbfd284272c928ceb64ddbde9",
        "type": "github"
      },
      "original": {
        "owner": "edolstra",
        "repo": "flake-compat",
        "type": "github"
      }
    },
    "flake-compat_3": {
      "flake": false,
      "locked": {
        "lastModified": 1673956053,
        "narHash": "sha256-4gtG9iQuiKITOjNQQeQIpoIB6b16fm+504Ch3sNKLd8=",
        "owner": "edolstra",
        "repo": "flake-compat",
        "rev": "35bb57c0c8d8b62bbfd284272c928ceb64ddbde9",
        "type": "github"
      },
      "original": {
        "owner": "edolstra",
        "repo": "flake-compat",
        "type": "github"
      }
    },
    "flake-schemas": {
      "locked": {
        "lastModified": 1693491534,
        "narHash": "sha256-ifw8Td8kD08J8DxFbYjeIx5naHcDLz7s2IFP3X42I/U=",
        "rev": "c702cbb663d6d70bbb716584a2ee3aeb35017279",
        "revCount": 21,
        "type": "tarball",
        "url": "https://api.flakehub.com/f/pinned/DeterminateSystems/flake-schemas/0.1.1/018a4c59-80e1-708a-bb4d-854930c20f72/source.tar.gz"
      },
      "original": {
        "type": "tarball",
        "url": "https://flakehub.com/f/DeterminateSystems/flake-schemas/%3D0.1.1.tar.gz"
      }
    },
    "flake-utils": {
      "inputs": {
        "systems": [
          "chaotic",
          "systems"
        ]
      },
      "locked": {
        "lastModified": 1710146030,
        "narHash": "sha256-SZ5L6eA7HJ/nmkzGG7/ISclqe6oZdOZTNoesiInkXPQ=",
        "rev": "b1d9ab70662946ef0850d488da1c9019f3a9752a",
        "revCount": 92,
        "type": "tarball",
        "url": "https://api.flakehub.com/f/pinned/numtide/flake-utils/0.1.92%2Brev-b1d9ab70662946ef0850d488da1c9019f3a9752a/018e2ca5-e5a2-7f80-9261-445a8cecd4d7/source.tar.gz"
      },
      "original": {
        "type": "tarball",
        "url": "https://flakehub.com/f/numtide/flake-utils/0.1.%2A.tar.gz"
      }
    },
    "flake-utils_2": {
      "inputs": {
        "systems": "systems_4"
      },
      "locked": {
        "lastModified": 1694529238,
        "narHash": "sha256-zsNZZGTGnMOf9YpHKJqMSsa0dXbfmxeoJ7xHlrt+xmY=",
        "owner": "numtide",
        "repo": "flake-utils",
        "rev": "ff7b65b44d01cf9ba6a71320833626af21126384",
        "type": "github"
      },
      "original": {
        "owner": "numtide",
        "repo": "flake-utils",
        "type": "github"
      }
    },
    "flake-utils_3": {
      "inputs": {
        "systems": "systems_5"
      },
      "locked": {
        "lastModified": 1681202837,
        "narHash": "sha256-H+Rh19JDwRtpVPAWp64F+rlEtxUWBAQW28eAi3SRSzg=",
        "owner": "numtide",
        "repo": "flake-utils",
        "rev": "cfacdce06f30d2b68473a46042957675eebb3401",
        "type": "github"
      },
      "original": {
        "owner": "numtide",
        "repo": "flake-utils",
        "type": "github"
      }
    },
    "format-all": {
      "flake": false,
      "locked": {
        "lastModified": 1581716637,
        "narHash": "sha256-ul7LCe60W8TIvUmUtZtZRo8489TK9iTPDsLHmzxY57M=",
        "owner": "lassik",
        "repo": "emacs-format-all-the-code",
        "rev": "47d862d40a088ca089c92cd393c6dca4628f87d3",
        "type": "github"
      },
      "original": {
        "owner": "lassik",
        "repo": "emacs-format-all-the-code",
        "rev": "47d862d40a088ca089c92cd393c6dca4628f87d3",
        "type": "github"
      }
    },
    "home-manager": {
      "inputs": {
        "nixpkgs": [
          "agenix",
          "nixpkgs"
        ]
      },
      "locked": {
        "lastModified": 1703113217,
        "narHash": "sha256-7ulcXOk63TIT2lVDSExj7XzFx09LpdSAPtvgtM7yQPE=",
        "owner": "nix-community",
        "repo": "home-manager",
        "rev": "3bfaacf46133c037bb356193bd2f1765d9dc82c1",
        "type": "github"
      },
      "original": {
        "owner": "nix-community",
        "repo": "home-manager",
        "type": "github"
      }
    },
    "home-manager_2": {
      "inputs": {
        "nixpkgs": [
          "chaotic",
          "nixpkgs"
        ]
      },
      "locked": {
        "lastModified": 1702537497,
        "narHash": "sha256-br4Z7OFEHWN8oOnKf40BoS6QFt1EyVLqwaVGBG7/DT8=",
        "rev": "7a88cdedbda35f808ed2f329a7a811e0511870f9",
        "revCount": 3192,
        "type": "tarball",
        "url": "https://api.flakehub.com/f/pinned/nix-community/home-manager/0.1.3192%2Brev-7a88cdedbda35f808ed2f329a7a811e0511870f9/018c6725-7e9b-7e8e-bb57-f493c0e4f7dc/source.tar.gz"
      },
      "original": {
        "type": "tarball",
        "url": "https://flakehub.com/f/nix-community/home-manager/0.1.%2A.tar.gz"
      }
    },
    "home-manager_3": {
      "inputs": {
        "nixpkgs": [
          "nixpkgs-unstable"
        ]
      },
      "locked": {
        "lastModified": 1712386041,
        "narHash": "sha256-dA82pOMQNnCJMAsPG7AXG35VmCSMZsJHTFlTHizpKWQ=",
        "owner": "nix-community",
        "repo": "home-manager",
        "rev": "d6bb9f934f2870e5cbc5b94c79e9db22246141ff",
        "type": "github"
      },
      "original": {
        "owner": "nix-community",
        "ref": "release-23.11",
        "repo": "home-manager",
        "type": "github"
      }
    },
    "home-manager_4": {
      "inputs": {
        "nixpkgs": [
          "nix-on-droid",
          "nixpkgs"
        ],
        "utils": "utils_2"
      },
      "locked": {
        "lastModified": 1663932797,
        "narHash": "sha256-IH8ZBW99W2k7wKLS+Sat9HiKX1TPZjFTnsPizK5crok=",
        "owner": "nix-community",
        "repo": "home-manager",
        "rev": "de3758e31a3a1bc79d569f5deb5dac39791bf9b6",
        "type": "github"
      },
      "original": {
        "owner": "nix-community",
        "repo": "home-manager",
        "type": "github"
      }
    },
    "jovian": {
      "inputs": {
        "nix-github-actions": "nix-github-actions",
        "nixpkgs": [
          "chaotic",
          "nixpkgs"
        ]
      },
      "locked": {
        "lastModified": 1712521891,
        "narHash": "sha256-qJRkB7QZo2mdR/nABeHQKi3xkQxUsSGjVVQXTSHQocI=",
        "owner": "Jovian-Experiments",
        "repo": "Jovian-NixOS",
        "rev": "ec53086c76303dc8880fa7ba06c45abcae8b3398",
        "type": "github"
      },
      "original": {
        "owner": "Jovian-Experiments",
        "repo": "Jovian-NixOS",
        "type": "github"
      }
    },
    "jujutsu": {
      "inputs": {
        "flake-utils": [
          "chaotic",
          "flake-utils"
        ],
        "nixpkgs": [
          "chaotic",
          "nixpkgs"
        ],
        "rust-overlay": "rust-overlay"
      },
      "locked": {
        "lastModified": 1712679520,
        "narHash": "sha256-TQ9Y4wQV+wIuMBGkwbkDey+mcfdHH+ix7ccepzFQBNc=",
        "owner": "martinvonz",
        "repo": "jj",
        "rev": "580a90b6944f3a658e5bdea8d6f43afebd91eda7",
        "type": "github"
      },
      "original": {
        "owner": "martinvonz",
        "repo": "jj",
        "type": "github"
      }
    },
    "niri": {
      "inputs": {
        "crane": [
          "chaotic",
          "crane"
        ],
        "fenix": [
          "chaotic",
          "fenix"
        ],
        "flake-utils": [
          "chaotic",
          "flake-utils"
        ],
        "nix-filter": [
          "chaotic",
          "nix-filter"
        ],
        "nixpkgs": [
          "chaotic",
          "nixpkgs"
        ]
      },
      "locked": {
        "lastModified": 1712736594,
        "narHash": "sha256-r9i9cZUB02l0qhJ7Q4g3zXM8uClM4zxjEYM1AAFq48I=",
        "owner": "YaLTeR",
        "repo": "niri",
        "rev": "0cd149c939c1f756a96381a84801073021ac1e63",
        "type": "github"
      },
      "original": {
        "owner": "YaLTeR",
        "repo": "niri",
        "type": "github"
      }
    },
    "nix-darwin": {
      "inputs": {
        "nixpkgs": [
          "nixpkgs-unstable"
        ]
      },
      "locked": {
        "lastModified": 1711763326,
        "narHash": "sha256-sXcesZWKXFlEQ8oyGHnfk4xc9f2Ip0X/+YZOq3sKviI=",
        "owner": "LnL7",
        "repo": "nix-darwin",
        "rev": "36524adc31566655f2f4d55ad6b875fb5c1a4083",
        "type": "github"
      },
      "original": {
        "owner": "LnL7",
        "repo": "nix-darwin",
        "type": "github"
      }
    },
    "nix-doom-emacs": {
      "inputs": {
        "doom-emacs": "doom-emacs",
        "doom-snippets": "doom-snippets",
        "emacs-overlay": "emacs-overlay",
        "emacs-so-long": "emacs-so-long",
        "evil-escape": "evil-escape",
        "evil-markdown": "evil-markdown",
        "evil-org-mode": "evil-org-mode",
        "evil-quick-diff": "evil-quick-diff",
        "explain-pause-mode": "explain-pause-mode",
        "flake-compat": "flake-compat_3",
        "flake-utils": "flake-utils_2",
        "format-all": "format-all",
        "nix-straight": "nix-straight",
        "nixpkgs": [
          "nixpkgs-unstable"
        ],
        "nose": "nose",
        "ob-racket": "ob-racket",
        "org": "org",
        "org-contrib": "org-contrib",
        "org-yt": "org-yt",
        "php-extras": "php-extras",
        "revealjs": "revealjs",
        "rotate-text": "rotate-text",
        "sln-mode": "sln-mode",
        "ts-fold": "ts-fold",
        "ws-butler": "ws-butler"
      },
      "locked": {
        "lastModified": 1701264882,
        "narHash": "sha256-MBXR7x7Ua8qystlGr+lenwjQd7dsFNFpEFmtHhh10zM=",
        "owner": "nix-community",
        "repo": "nix-doom-emacs",
        "rev": "f7413022370f24bb53cb450bfb2803233510113e",
        "type": "github"
      },
      "original": {
        "owner": "nix-community",
        "repo": "nix-doom-emacs",
        "type": "github"
      }
    },
    "nix-filter": {
      "locked": {
        "lastModified": 1710156097,
        "narHash": "sha256-1Wvk8UP7PXdf8bCCaEoMnOT1qe5/Duqgj+rL8sRQsSM=",
        "owner": "numtide",
        "repo": "nix-filter",
        "rev": "3342559a24e85fc164b295c3444e8a139924675b",
        "type": "github"
      },
      "original": {
        "owner": "numtide",
        "repo": "nix-filter",
        "type": "github"
      }
    },
    "nix-formatter-pack": {
      "inputs": {
        "nixpkgs": [
          "nixpkgs"
        ],
        "nmd": "nmd",
        "nmt": "nmt"
      },
      "locked": {
        "lastModified": 1709879831,
        "narHash": "sha256-PZFXvKm929A3waipt2prRKYlNJvGQiBxWPDn/MIOKWo=",
        "owner": "Gerschtli",
        "repo": "nix-formatter-pack",
        "rev": "2499f41a01f1154c5a3b967aabe37d94e6b6d18b",
        "type": "github"
      },
      "original": {
        "owner": "Gerschtli",
        "repo": "nix-formatter-pack",
        "type": "github"
      }
    },
    "nix-formatter-pack_2": {
      "inputs": {
        "nixpkgs": [
          "nix-on-droid",
          "nixpkgs"
        ],
        "nmd": "nmd_2",
        "nmt": "nmt_2"
      },
      "locked": {
        "lastModified": 1666720474,
        "narHash": "sha256-iWojjDS1D19zpeZXbBdjWb9MiKmVVFQCqtJmtTXgPx8=",
        "owner": "Gerschtli",
        "repo": "nix-formatter-pack",
        "rev": "14876cc8fe94a3d329964ecb073b4c988c7b61f5",
        "type": "github"
      },
      "original": {
        "owner": "Gerschtli",
        "repo": "nix-formatter-pack",
        "type": "github"
      }
    },
    "nix-github-actions": {
      "inputs": {
        "nixpkgs": [
          "chaotic",
          "jovian",
          "nixpkgs"
        ]
      },
      "locked": {
        "lastModified": 1690328911,
        "narHash": "sha256-fxtExYk+aGf2YbjeWQ8JY9/n9dwuEt+ma1eUFzF8Jeo=",
        "owner": "zhaofengli",
        "repo": "nix-github-actions",
        "rev": "96df4a39c52f53cb7098b923224d8ce941b64747",
        "type": "github"
      },
      "original": {
        "owner": "zhaofengli",
        "ref": "matrix-name",
        "repo": "nix-github-actions",
        "type": "github"
      }
    },
    "nix-on-droid": {
      "inputs": {
        "home-manager": "home-manager_4",
        "nix-formatter-pack": "nix-formatter-pack_2",
        "nixpkgs": [
          "nixpkgs"
        ],
        "nixpkgs-for-bootstrap": "nixpkgs-for-bootstrap",
        "nmd": "nmd_3"
      },
      "locked": {
        "lastModified": 1688144254,
        "narHash": "sha256-8KL1l/7eP2Zm1aJjdVaSOk0W5kTnJo9kcgW03gqWuiI=",
        "owner": "nix-community",
        "repo": "nix-on-droid",
        "rev": "2301e01d48c90b60751005317de7a84a51a87eb6",
        "type": "github"
      },
      "original": {
        "owner": "nix-community",
        "ref": "release-23.05",
        "repo": "nix-on-droid",
        "type": "github"
      }
    },
    "nix-straight": {
      "flake": false,
      "locked": {
        "lastModified": 1694361489,
        "narHash": "sha256-kjDp+j6OtrmqbtjQB5uuOtjS08+kgJQuxFqhWE1Y9Rw=",
        "owner": "nix-community",
        "repo": "nix-straight.el",
        "rev": "748be99b84be0b130e946288099806a0f16d6e57",
        "type": "github"
      },
      "original": {
        "owner": "nix-community",
        "repo": "nix-straight.el",
        "type": "github"
      }
    },
    "nixlib": {
      "locked": {
        "lastModified": 1693701915,
        "narHash": "sha256-waHPLdDYUOHSEtMKKabcKIMhlUOHPOOPQ9UyFeEoovs=",
        "owner": "nix-community",
        "repo": "nixpkgs.lib",
        "rev": "f5af57d3ef9947a70ac86e42695231ac1ad00c25",
        "type": "github"
      },
      "original": {
        "owner": "nix-community",
        "repo": "nixpkgs.lib",
        "type": "github"
      }
    },
    "nixos-generators": {
      "inputs": {
        "nixlib": "nixlib",
        "nixpkgs": [
          "nixpkgs-unstable"
        ]
      },
      "locked": {
        "lastModified": 1701140600,
        "narHash": "sha256-cAaj5Hf6lgAO+GGPMN+5lf3PlbTLjr/lGq/yqDT9PoU=",
        "owner": "tcarrio",
        "repo": "nixos-generators",
        "rev": "2a728c313f4b765bed326a3e24d8b547722ca311",
        "type": "github"
      },
      "original": {
        "owner": "tcarrio",
        "repo": "nixos-generators",
        "type": "github"
      }
    },
    "nixos-hardware": {
      "locked": {
        "lastModified": 1712760404,
        "narHash": "sha256-4zhaEW1nB+nGbCNMjOggWeY5nXs/H0Y71q0+h+jdxoU=",
        "owner": "NixOS",
        "repo": "nixos-hardware",
        "rev": "e1c4bac14beb8c409d0534382cf967171706b9d9",
        "type": "github"
      },
      "original": {
        "owner": "NixOS",
        "ref": "master",
        "repo": "nixos-hardware",
        "type": "github"
      }
    },
    "nixphps": {
      "inputs": {
        "flake-compat": "flake-compat_2",
        "nixpkgs": "nixpkgs",
        "utils": "utils"
      },
      "locked": {
        "lastModified": 1696146809,
        "narHash": "sha256-+VjRYETjJn/ibiZtnCTf719dYzTdu0ehOIlu2TfxSJI=",
        "owner": "fossar",
        "repo": "nix-phps",
        "rev": "305a8f56fa39a18db59e9dd3c2e8f1c9e0932feb",
        "type": "github"
      },
      "original": {
        "owner": "fossar",
        "repo": "nix-phps",
        "type": "github"
      }
    },
    "nixpkgs": {
      "locked": {
        "lastModified": 1695978539,
        "narHash": "sha256-lta5HToBZMWZ2hl5CautNSUgIZViR41QxN7JKbMAjgQ=",
        "owner": "NixOS",
        "repo": "nixpkgs",
        "rev": "bd9b686c0168041aea600222be0805a0de6e6ab8",
        "type": "github"
      },
      "original": {
        "owner": "NixOS",
        "ref": "nixpkgs-unstable",
        "repo": "nixpkgs",
        "type": "github"
      }
    },
    "nixpkgs-for-bootstrap": {
      "locked": {
        "lastModified": 1686921029,
        "narHash": "sha256-J1bX9plPCFhTSh6E3TWn9XSxggBh/zDD4xigyaIQBy8=",
        "owner": "NixOS",
        "repo": "nixpkgs",
        "rev": "c7ff1b9b95620ce8728c0d7bd501c458e6da9e04",
        "type": "github"
      },
      "original": {
        "owner": "NixOS",
        "repo": "nixpkgs",
        "rev": "c7ff1b9b95620ce8728c0d7bd501c458e6da9e04",
        "type": "github"
      }
    },
    "nixpkgs-stable": {
      "locked": {
        "lastModified": 1711460390,
        "narHash": "sha256-akSgjDZL6pVHEfSE6sz1DNSXuYX6hq+P/1Z5IoYWs7E=",
        "owner": "NixOS",
        "repo": "nixpkgs",
        "rev": "44733514b72e732bd49f5511bd0203dea9b9a434",
        "type": "github"
      },
      "original": {
        "owner": "NixOS",
        "ref": "nixos-23.11",
        "repo": "nixpkgs",
        "type": "github"
      }
    },
    "nixpkgs-trunk": {
      "locked": {
        "lastModified": 1712849921,
        "narHash": "sha256-o2Q04foj7DWdgq+1+7YSu4TRMq3ZRHLrdW303KD+cV4=",
        "owner": "nixos",
        "repo": "nixpkgs",
        "rev": "03b8fd0d9b38defb4610e2b76c4c8e3d98caf4a2",
        "type": "github"
      },
      "original": {
        "owner": "nixos",
        "ref": "master",
        "repo": "nixpkgs",
        "type": "github"
      }
    },
    "nixpkgs-unstable": {
      "locked": {
        "lastModified": 1712608508,
        "narHash": "sha256-vMZ5603yU0wxgyQeHJryOI+O61yrX2AHwY6LOFyV1gM=",
        "owner": "nixos",
        "repo": "nixpkgs",
        "rev": "4cba8b53da471aea2ab2b0c1f30a81e7c451f4b6",
        "type": "github"
      },
      "original": {
        "owner": "nixos",
        "ref": "nixos-unstable",
        "repo": "nixpkgs",
        "type": "github"
      }
    },
    "nixpkgs_2": {
      "locked": {
        "lastModified": 1712741485,
        "narHash": "sha256-bCs0+MSTra80oXAsnM6Oq62WsirOIaijQ/BbUY59tR4=",
        "owner": "nixos",
        "repo": "nixpkgs",
        "rev": "b2cf36f43f9ef2ded5711b30b1f393ac423d8f72",
        "type": "github"
      },
      "original": {
        "owner": "nixos",
        "ref": "nixos-23.11",
        "repo": "nixpkgs",
        "type": "github"
      }
    },
    "nmd": {
      "flake": false,
      "locked": {
        "lastModified": 1666190571,
        "narHash": "sha256-Z1hc7M9X6L+H83o9vOprijpzhTfOBjd0KmUTnpHAVjA=",
        "owner": "rycee",
        "repo": "nmd",
        "rev": "b75d312b4f33bd3294cd8ae5c2ca8c6da2afc169",
        "type": "gitlab"
      },
      "original": {
        "owner": "rycee",
        "repo": "nmd",
        "type": "gitlab"
      }
    },
    "nmd_2": {
      "flake": false,
      "locked": {
        "lastModified": 1666190571,
        "narHash": "sha256-Z1hc7M9X6L+H83o9vOprijpzhTfOBjd0KmUTnpHAVjA=",
        "owner": "rycee",
        "repo": "nmd",
        "rev": "b75d312b4f33bd3294cd8ae5c2ca8c6da2afc169",
        "type": "gitlab"
      },
      "original": {
        "owner": "rycee",
        "repo": "nmd",
        "type": "gitlab"
      }
    },
    "nmd_3": {
      "flake": false,
      "locked": {
        "lastModified": 1666190571,
        "narHash": "sha256-Z1hc7M9X6L+H83o9vOprijpzhTfOBjd0KmUTnpHAVjA=",
        "owner": "rycee",
        "repo": "nmd",
        "rev": "b75d312b4f33bd3294cd8ae5c2ca8c6da2afc169",
        "type": "gitlab"
      },
      "original": {
        "owner": "rycee",
        "repo": "nmd",
        "type": "gitlab"
      }
    },
    "nmt": {
      "flake": false,
      "locked": {
        "lastModified": 1648075362,
        "narHash": "sha256-u36WgzoA84dMVsGXzml4wZ5ckGgfnvS0ryzo/3zn/Pc=",
        "owner": "rycee",
        "repo": "nmt",
        "rev": "d83601002c99b78c89ea80e5e6ba21addcfe12ae",
        "type": "gitlab"
      },
      "original": {
        "owner": "rycee",
        "repo": "nmt",
        "type": "gitlab"
      }
    },
    "nmt_2": {
      "flake": false,
      "locked": {
        "lastModified": 1648075362,
        "narHash": "sha256-u36WgzoA84dMVsGXzml4wZ5ckGgfnvS0ryzo/3zn/Pc=",
        "owner": "rycee",
        "repo": "nmt",
        "rev": "d83601002c99b78c89ea80e5e6ba21addcfe12ae",
        "type": "gitlab"
      },
      "original": {
        "owner": "rycee",
        "repo": "nmt",
        "type": "gitlab"
      }
    },
    "nose": {
      "flake": false,
      "locked": {
        "lastModified": 1400604510,
        "narHash": "sha256-daEi8Kta1oGaDEmUUDDQMahTTPOpvNpDKk22rlr7cB0=",
        "owner": "emacsattic",
        "repo": "nose",
        "rev": "f8528297519eba911696c4e68fa88892de9a7b72",
        "type": "github"
      },
      "original": {
        "owner": "emacsattic",
        "repo": "nose",
        "type": "github"
      }
    },
    "ob-racket": {
      "flake": false,
      "locked": {
        "lastModified": 1584656173,
        "narHash": "sha256-rBUYDDCXb+3D4xTPQo9UocbTPZ32kWV1Uya/1DmZknU=",
        "owner": "xchrishawk",
        "repo": "ob-racket",
        "rev": "83457ec9e1e96a29fd2086ed19432b9d75787673",
        "type": "github"
      },
      "original": {
        "owner": "xchrishawk",
        "repo": "ob-racket",
        "type": "github"
      }
    },
    "org": {
      "flake": false,
      "locked": {
        "lastModified": 1695726851,
        "narHash": "sha256-qgbjspklSoI8M3cbCJOcUdjuijRgsL/+PSyEOW9VX4I=",
        "owner": "emacs-straight",
        "repo": "org-mode",
        "rev": "aa9177e1a8b039c357d369c1c9aaab710bb247a9",
        "type": "github"
      },
      "original": {
        "owner": "emacs-straight",
        "repo": "org-mode",
        "type": "github"
      }
    },
    "org-contrib": {
      "flake": false,
      "locked": {
        "lastModified": 1694946041,
        "narHash": "sha256-X/HFG6NZe5BY00KvGbcsIuf9R6Lg8x7Uhd0Y5+Q3qZU=",
        "owner": "emacsmirror",
        "repo": "org-contrib",
        "rev": "5eabbf22bdd4523c922a30787e98ee66c24221aa",
        "type": "github"
      },
      "original": {
        "owner": "emacsmirror",
        "repo": "org-contrib",
        "type": "github"
      }
    },
    "org-yt": {
      "flake": false,
      "locked": {
        "lastModified": 1527381913,
        "narHash": "sha256-dzQ6B7ryzatHCTLyEnRSbWO0VUiX/FHYnpHTs74aVUs=",
        "owner": "TobiasZawada",
        "repo": "org-yt",
        "rev": "40cc1ac76d741055cbefa13860d9f070a7ade001",
        "type": "github"
      },
      "original": {
        "owner": "TobiasZawada",
        "repo": "org-yt",
        "type": "github"
      }
    },
    "php-extras": {
      "flake": false,
      "locked": {
        "lastModified": 1573312690,
        "narHash": "sha256-r4WyVbzvT0ra4Z6JywNBOw5RxOEYd6Qe2IpebHXkj1U=",
        "owner": "arnested",
        "repo": "php-extras",
        "rev": "d410c5af663c30c01d461ac476d1cbfbacb49367",
        "type": "github"
      },
      "original": {
        "owner": "arnested",
        "repo": "php-extras",
        "type": "github"
      }
    },
    "revealjs": {
      "flake": false,
      "locked": {
        "lastModified": 1695738029,
        "narHash": "sha256-Z9c9Q41jMkj/DyXOiZYyIa7Gmn8VB8yauTyWrSsT+ps=",
        "owner": "hakimel",
        "repo": "reveal.js",
        "rev": "88fbfc5751ad01e3f6adee5819eabeb9e73c3757",
        "type": "github"
      },
      "original": {
        "owner": "hakimel",
        "repo": "reveal.js",
        "type": "github"
      }
    },
    "root": {
      "inputs": {
        "agenix": "agenix",
        "chaotic": "chaotic",
        "devshells": "devshells",
        "disko": "disko",
        "home-manager": "home-manager_3",
        "nix-darwin": "nix-darwin",
        "nix-doom-emacs": "nix-doom-emacs",
        "nix-formatter-pack": "nix-formatter-pack",
        "nix-on-droid": "nix-on-droid",
        "nixos-generators": "nixos-generators",
        "nixos-hardware": "nixos-hardware",
        "nixpkgs": "nixpkgs_2",
        "nixpkgs-trunk": "nixpkgs-trunk",
        "nixpkgs-unstable": "nixpkgs-unstable",
        "vscode-server": "vscode-server"
      }
    },
    "rotate-text": {
      "flake": false,
      "locked": {
        "lastModified": 1322962747,
        "narHash": "sha256-SOeOgSlcEIsKhUiYDJv0p+mLUb420s9E2BmvZQvZ0wk=",
        "owner": "debug-ito",
        "repo": "rotate-text.el",
        "rev": "48f193697db996855aee1ad2bc99b38c6646fe76",
        "type": "github"
      },
      "original": {
        "owner": "debug-ito",
        "repo": "rotate-text.el",
        "type": "github"
      }
    },
    "rust-analyzer-src": {
      "flake": false,
      "locked": {
        "lastModified": 1711885694,
        "narHash": "sha256-dyezzeSbWMpflma+E9USmvSxuLgGcNGcGw3cOnX36ko=",
        "owner": "rust-lang",
        "repo": "rust-analyzer",
        "rev": "e4a405f877efd820bef9c0e77a02494e47c17512",
        "type": "github"
      },
      "original": {
        "owner": "rust-lang",
        "ref": "nightly",
        "repo": "rust-analyzer",
        "type": "github"
      }
    },
    "rust-overlay": {
      "inputs": {
        "flake-utils": [
          "chaotic",
          "jujutsu",
          "flake-utils"
        ],
        "nixpkgs": [
          "chaotic",
          "jujutsu",
          "nixpkgs"
        ]
      },
      "locked": {
        "lastModified": 1707444620,
        "narHash": "sha256-P8kRkiJLFttN+hbAOlm11wPxUrQZqKle+QtVCqFiGXY=",
        "owner": "oxalica",
        "repo": "rust-overlay",
        "rev": "78503e9199010a4df714f29a4f9c00eb2ccae071",
        "type": "github"
      },
      "original": {
        "owner": "oxalica",
        "repo": "rust-overlay",
        "type": "github"
      }
    },
    "sln-mode": {
      "flake": false,
      "locked": {
        "lastModified": 1423727528,
        "narHash": "sha256-XqkqPyEJuTtFslOz1fpTf/Klbd/zA7IGpzpmum/MGao=",
        "owner": "sensorflo",
        "repo": "sln-mode",
        "rev": "0f91d1b957c7d2a7bab9278ec57b54d57f1dbd9c",
        "type": "github"
      },
      "original": {
        "owner": "sensorflo",
        "repo": "sln-mode",
        "type": "github"
      }
    },
    "systems": {
      "locked": {
        "lastModified": 1681028828,
        "narHash": "sha256-Vy1rq5AaRuLzOxct8nz4T6wlgyUR7zLU309k9mBC768=",
        "owner": "nix-systems",
        "repo": "default",
        "rev": "da67096a3b9bf56a91d16901293e51ba5b49a27e",
        "type": "github"
      },
      "original": {
        "owner": "nix-systems",
        "repo": "default",
        "type": "github"
      }
    },
    "systems_2": {
      "locked": {
        "lastModified": 1689347949,
        "narHash": "sha256-12tWmuL2zgBgZkdoB6qXZsgJEH9LR3oUgpaQq2RbI80=",
        "owner": "nix-systems",
        "repo": "default-linux",
        "rev": "31732fcf5e8fea42e59c2488ad31a0e651500f68",
        "type": "github"
      },
      "original": {
        "owner": "nix-systems",
        "repo": "default-linux",
        "type": "github"
      }
    },
    "systems_3": {
      "locked": {
        "lastModified": 1681028828,
        "narHash": "sha256-Vy1rq5AaRuLzOxct8nz4T6wlgyUR7zLU309k9mBC768=",
        "owner": "nix-systems",
        "repo": "default",
        "rev": "da67096a3b9bf56a91d16901293e51ba5b49a27e",
        "type": "github"
      },
      "original": {
        "owner": "nix-systems",
        "repo": "default",
        "type": "github"
      }
    },
    "systems_4": {
      "locked": {
        "lastModified": 1681028828,
        "narHash": "sha256-Vy1rq5AaRuLzOxct8nz4T6wlgyUR7zLU309k9mBC768=",
        "owner": "nix-systems",
        "repo": "default",
        "rev": "da67096a3b9bf56a91d16901293e51ba5b49a27e",
        "type": "github"
      },
      "original": {
        "owner": "nix-systems",
        "repo": "default",
        "type": "github"
      }
    },
    "systems_5": {
      "locked": {
        "lastModified": 1681028828,
        "narHash": "sha256-Vy1rq5AaRuLzOxct8nz4T6wlgyUR7zLU309k9mBC768=",
        "owner": "nix-systems",
        "repo": "default",
        "rev": "da67096a3b9bf56a91d16901293e51ba5b49a27e",
        "type": "github"
      },
      "original": {
        "owner": "nix-systems",
        "repo": "default",
        "type": "github"
      }
    },
    "ts-fold": {
      "flake": false,
      "locked": {
        "lastModified": 1695278494,
        "narHash": "sha256-O4NcUC1u08W8ZslqoA/i+iTaLotKwheURXQWBxLLMFc=",
        "owner": "jcs-elpa",
        "repo": "ts-fold",
        "rev": "70b2c79ff4daa7351d4e2917b0343b9a18d4d4f2",
        "type": "github"
      },
      "original": {
        "owner": "jcs-elpa",
        "repo": "ts-fold",
        "type": "github"
      }
    },
    "utils": {
      "inputs": {
        "systems": "systems_3"
      },
      "locked": {
        "lastModified": 1694529238,
        "narHash": "sha256-zsNZZGTGnMOf9YpHKJqMSsa0dXbfmxeoJ7xHlrt+xmY=",
        "owner": "numtide",
        "repo": "flake-utils",
        "rev": "ff7b65b44d01cf9ba6a71320833626af21126384",
        "type": "github"
      },
      "original": {
        "owner": "numtide",
        "repo": "flake-utils",
        "type": "github"
      }
    },
    "utils_2": {
      "locked": {
        "lastModified": 1659877975,
        "narHash": "sha256-zllb8aq3YO3h8B/U0/J1WBgAL8EX5yWf5pMj3G0NAmc=",
        "owner": "numtide",
        "repo": "flake-utils",
        "rev": "c0e246b9b83f637f4681389ecabcb2681b4f3af0",
        "type": "github"
      },
      "original": {
        "owner": "numtide",
        "repo": "flake-utils",
        "type": "github"
      }
    },
    "vscode-server": {
      "inputs": {
        "flake-utils": "flake-utils_3",
        "nixpkgs": [
          "nixpkgs"
        ]
      },
      "locked": {
        "lastModified": 1709622318,
        "narHash": "sha256-bTscF0366xtoIXgH7Zq+Mn0mpX3w4h/2xKpHiYMyLNc=",
        "owner": "msteen",
        "repo": "nixos-vscode-server",
        "rev": "d0ed9b8cf1f0a71f110df9119489ab047e0726bd",
        "type": "github"
      },
      "original": {
        "owner": "msteen",
        "repo": "nixos-vscode-server",
        "type": "github"
      }
    },
    "ws-butler": {
      "flake": false,
      "locked": {
        "lastModified": 1634511126,
        "narHash": "sha256-c0y0ZPtxxICPk+eaNbbQf6t+FRCliNY54CCz9QHQ8ZI=",
        "owner": "hlissner",
        "repo": "ws-butler",
        "rev": "572a10c11b6cb88293de48acbb59a059d36f9ba5",
        "type": "github"
      },
      "original": {
        "owner": "hlissner",
        "repo": "ws-butler",
        "type": "github"
      }
    },
    "yafas": {
      "inputs": {
        "flake-schemas": [
          "chaotic",
          "flake-schemas"
        ],
        "systems": [
          "chaotic",
          "systems"
        ]
      },
      "locked": {
        "lastModified": 1695926485,
        "narHash": "sha256-wNFFnItckgSs8XeYhhv8vlJs2WF09fSQaWgw4xkDqHQ=",
        "rev": "7772afd6686458ca0ddbc599a52cf5d337367653",
        "revCount": 4,
        "type": "tarball",
        "url": "https://api.flakehub.com/f/pinned/UbiqueLambda/yafas/0.1.4%2Brev-7772afd6686458ca0ddbc599a52cf5d337367653/018add18-ebb4-72c6-93fe-d1d8da361703/source.tar.gz"
      },
      "original": {
        "type": "tarball",
        "url": "https://flakehub.com/f/UbiqueLambda/yafas/0.1.%2A.tar.gz"
      }
    }
  },
  "root": "root",
  "version": 7
}
