{
  "nodes": {
    "agenix": {
      "inputs": {
        "darwin": "darwin",
        "home-manager": "home-manager",
        "nixpkgs": [
          "nixcfg",
          "nixpkgs"
        ],
        "systems": "systems_2"
      },
      "locked": {
        "lastModified": 1747575206,
        "narHash": "sha256-NwmAFuDUO/PFcgaGGr4j3ozG9Pe5hZ/ogitWhY+D81k=",
        "owner": "ryantm",
        "repo": "agenix",
        "rev": "4835b1dc898959d8547a871ef484930675cb47f1",
        "type": "github"
      },
      "original": {
        "owner": "ryantm",
        "repo": "agenix",
        "type": "github"
      }
    },
    "chaotic": {
      "inputs": {
        "fenix": "fenix",
        "flake-schemas": "flake-schemas",
        "home-manager": "home-manager_2",
        "jovian": "jovian",
        "nixpkgs": [
          "nixcfg",
          "nixpkgs-unstable"
        ]
      },
      "locked": {
        "lastModified": 1748304776,
        "narHash": "sha256-Eb+kBcm7ECpJ1HKjMgvZPo9TpGG0CpzfGRUc0FCZKP0=",
        "owner": "chaotic-cx",
        "repo": "nyx",
        "rev": "5278f55d2c2c568db38ed03370606b5e009e34df",
        "type": "github"
      },
      "original": {
        "owner": "chaotic-cx",
        "ref": "nyxpkgs-unstable",
        "repo": "nyx",
        "type": "github"
      }
    },
    "darwin": {
      "inputs": {
        "nixpkgs": [
          "nixcfg",
          "agenix",
          "nixpkgs"
        ]
      },
      "locked": {
        "lastModified": 1744478979,
        "narHash": "sha256-dyN+teG9G82G+m+PX/aSAagkC+vUv0SgUw3XkPhQodQ=",
        "owner": "lnl7",
        "repo": "nix-darwin",
        "rev": "43975d782b418ebf4969e9ccba82466728c2851b",
        "type": "github"
      },
      "original": {
        "owner": "lnl7",
        "ref": "master",
        "repo": "nix-darwin",
        "type": "github"
      }
    },
    "devshells": {
      "inputs": {
        "nixphps": "nixphps",
        "nixpkgs": [
          "nixcfg",
          "nixpkgs"
        ]
      },
      "locked": {
        "lastModified": 1718069630,
        "narHash": "sha256-sMsxTCZIEWdoeFiDP8npWdgiyJhCgdMZDDh8zWBdwvE=",
        "owner": "tcarrio",
        "repo": "devshells",
        "rev": "33c889cf0399fe80a06f7249b86d48bc0e034652",
        "type": "github"
      },
      "original": {
        "owner": "tcarrio",
        "repo": "devshells",
        "type": "github"
      }
    },
    "disko": {
      "inputs": {
        "nixpkgs": [
          "nixcfg",
          "nixpkgs"
        ]
      },
      "locked": {
        "lastModified": 1748225455,
        "narHash": "sha256-AzlJCKaM4wbEyEpV3I/PUq5mHnib2ryEy32c+qfj6xk=",
        "owner": "nix-community",
        "repo": "disko",
        "rev": "a894f2811e1ee8d10c50560551e50d6ab3c392ba",
        "type": "github"
      },
      "original": {
        "owner": "nix-community",
        "repo": "disko",
        "type": "github"
      }
    },
    "fenix": {
      "inputs": {
        "nixpkgs": [
          "nixcfg",
          "chaotic",
          "nixpkgs"
        ],
        "rust-analyzer-src": "rust-analyzer-src"
      },
      "locked": {
        "lastModified": 1747392669,
        "narHash": "sha256-zky3+lndxKRu98PAwVK8kXPdg+Q1NVAhaI7YGrboKYA=",
        "owner": "nix-community",
        "repo": "fenix",
        "rev": "c3c27e603b0d9b5aac8a16236586696338856fbb",
        "type": "github"
      },
      "original": {
        "owner": "nix-community",
        "repo": "fenix",
        "type": "github"
      }
    },
    "flake-compat": {
      "flake": false,
      "locked": {
        "lastModified": 1673956053,
        "narHash": "sha256-4gtG9iQuiKITOjNQQeQIpoIB6b16fm+504Ch3sNKLd8=",
        "owner": "edolstra",
        "repo": "flake-compat",
        "rev": "35bb57c0c8d8b62bbfd284272c928ceb64ddbde9",
        "type": "github"
      },
      "original": {
        "owner": "edolstra",
        "repo": "flake-compat",
        "type": "github"
      }
    },
    "flake-schemas": {
      "locked": {
        "lastModified": 1721999734,
        "narHash": "sha256-G5CxYeJVm4lcEtaO87LKzOsVnWeTcHGKbKxNamNWgOw=",
        "rev": "0a5c42297d870156d9c57d8f99e476b738dcd982",
        "revCount": 75,
        "type": "tarball",
        "url": "https://api.flakehub.com/f/pinned/DeterminateSystems/flake-schemas/0.1.5/0190ef2f-61e0-794b-ba14-e82f225e55e6/source.tar.gz"
      },
      "original": {
        "type": "tarball",
        "url": "https://flakehub.com/f/DeterminateSystems/flake-schemas/%3D0.1.5.tar.gz"
      }
    },
    "flake-utils": {
      "inputs": {
        "systems": "systems"
      },
      "locked": {
        "lastModified": 1731533236,
        "narHash": "sha256-l0KFg5HjrsfsO/JpG+r7fRrqm12kzFHyUHqHCVpMMbI=",
        "owner": "numtide",
        "repo": "flake-utils",
        "rev": "11707dc2f618dd54ca8739b309ec4fc024de578b",
        "type": "github"
      },
      "original": {
        "owner": "numtide",
        "repo": "flake-utils",
        "type": "github"
      }
    },
    "flake-utils_2": {
      "inputs": {
        "systems": "systems_4"
      },
      "locked": {
        "lastModified": 1681202837,
        "narHash": "sha256-H+Rh19JDwRtpVPAWp64F+rlEtxUWBAQW28eAi3SRSzg=",
        "owner": "numtide",
        "repo": "flake-utils",
        "rev": "cfacdce06f30d2b68473a46042957675eebb3401",
        "type": "github"
      },
      "original": {
        "owner": "numtide",
        "repo": "flake-utils",
        "type": "github"
      }
    },
    "home-manager": {
      "inputs": {
        "nixpkgs": [
          "nixcfg",
          "agenix",
          "nixpkgs"
        ]
      },
      "locked": {
        "lastModified": 1745494811,
        "narHash": "sha256-YZCh2o9Ua1n9uCvrvi5pRxtuVNml8X2a03qIFfRKpFs=",
        "owner": "nix-community",
        "repo": "home-manager",
        "rev": "abfad3d2958c9e6300a883bd443512c55dfeb1be",
        "type": "github"
      },
      "original": {
        "owner": "nix-community",
        "repo": "home-manager",
        "type": "github"
      }
    },
    "home-manager_2": {
      "inputs": {
        "nixpkgs": [
          "nixcfg",
          "chaotic",
          "nixpkgs"
        ]
      },
      "locked": {
        "lastModified": 1748182899,
        "narHash": "sha256-r6MHSalDFydlUmjorVTSsyhLjIt8VWNtGc5+mffXvFQ=",
        "owner": "nix-community",
        "repo": "home-manager",
        "rev": "901f8fef7f349cf8a8e97b3230b22fd592df9160",
        "type": "github"
      },
      "original": {
        "owner": "nix-community",
        "repo": "home-manager",
        "type": "github"
      }
    },
    "home-manager_3": {
      "inputs": {
        "nixpkgs": [
          "nixcfg",
          "nixpkgs"
        ]
      },
      "locked": {
        "lastModified": 1748226808,
        "narHash": "sha256-GaBRgxjWO1bAQa8P2+FDxG4ANBVhjnSjBms096qQdxo=",
        "owner": "nix-community",
        "repo": "home-manager",
        "rev": "83665c39fa688bd6a1f7c43cf7997a70f6a109f9",
        "type": "github"
      },
      "original": {
        "owner": "nix-community",
        "ref": "release-25.05",
        "repo": "home-manager",
        "type": "github"
      }
    },
    "home-manager_4": {
      "inputs": {
        "nixpkgs": [
          "nixcfg",
          "hydenix",
          "hydenix-nixpkgs"
        ]
      },
      "locked": {
        "lastModified": 1747565775,
        "narHash": "sha256-B6jmKHUEX1jxxcdoYHl7RVaeohtAVup8o3nuVkzkloA=",
        "owner": "nix-community",
        "repo": "home-manager",
        "rev": "97118a310eb8e13bc1b9b12d67267e55b7bee6c8",
        "type": "github"
      },
      "original": {
        "owner": "nix-community",
        "repo": "home-manager",
        "type": "github"
      }
    },
    "hydenix": {
      "inputs": {
        "home-manager": "home-manager_4",
        "hydenix-nixpkgs": [
          "nixcfg",
          "nixpkgs-unstable"
        ],
        "nix-index-database": "nix-index-database",
        "nixos-hardware": "nixos-hardware"
      },
      "locked": {
        "lastModified": 1747613796,
        "narHash": "sha256-zfSAi3qoGgbcck5SNQ4eC4qNze4gMwUHvhK1ALl/vwU=",
        "owner": "richen604",
        "repo": "hydenix",
        "rev": "79be124aa755f6cbc7a693bf741a4f9ba104aa43",
        "type": "github"
      },
      "original": {
        "owner": "richen604",
        "repo": "hydenix",
        "type": "github"
      }
    },
    "jovian": {
      "inputs": {
        "nix-github-actions": "nix-github-actions",
        "nixpkgs": [
          "nixcfg",
          "chaotic",
          "nixpkgs"
        ]
      },
      "locked": {
        "lastModified": 1747990026,
        "narHash": "sha256-sG5VbID+x5+xUC+jjgHibnzg8IllVcH+K2TLmYHLPME=",
        "owner": "Jovian-Experiments",
        "repo": "Jovian-NixOS",
        "rev": "e2f4ced874406541a7957f7e2b8f05a0d59a0f00",
        "type": "github"
      },
      "original": {
        "owner": "Jovian-Experiments",
        "repo": "Jovian-NixOS",
        "type": "github"
      }
    },
    "nix-darwin": {
      "inputs": {
        "nixpkgs": [
          "nixcfg",
          "nixpkgs"
        ]
      },
      "locked": {
        "lastModified": 1748149228,
        "narHash": "sha256-mmonYFesFo42UUS49Hd0bcbVJRWX/aHBCDYUkkvylf4=",
        "owner": "LnL7",
        "repo": "nix-darwin",
        "rev": "a9939228f661df370c4094fe85f683e45d761dbe",
        "type": "github"
      },
      "original": {
        "owner": "LnL7",
        "repo": "nix-darwin",
        "type": "github"
      }
    },
    "nix-formatter-pack": {
      "inputs": {
        "nixpkgs": [
          "nixcfg",
          "nixpkgs"
        ],
        "nmd": "nmd",
        "nmt": "nmt"
      },
      "locked": {
        "lastModified": 1742249870,
        "narHash": "sha256-U37ECk3zpfp92D3H0gzfWPyb5sf0RdOdublCq1zjq+w=",
        "owner": "Gerschtli",
        "repo": "nix-formatter-pack",
        "rev": "fe5b4498e3161191bd93fe0683dff347f6f689df",
        "type": "github"
      },
      "original": {
        "owner": "Gerschtli",
        "repo": "nix-formatter-pack",
        "type": "github"
      }
    },
    "nix-github-actions": {
      "inputs": {
        "nixpkgs": [
          "nixcfg",
          "chaotic",
          "jovian",
          "nixpkgs"
        ]
      },
      "locked": {
        "lastModified": 1729697500,
        "narHash": "sha256-VFTWrbzDlZyFHHb1AlKRiD/qqCJIripXKiCSFS8fAOY=",
        "owner": "zhaofengli",
        "repo": "nix-github-actions",
        "rev": "e418aeb728b6aa5ca8c5c71974e7159c2df1d8cf",
        "type": "github"
      },
      "original": {
        "owner": "zhaofengli",
        "ref": "matrix-name",
        "repo": "nix-github-actions",
        "type": "github"
      }
    },
    "nix-index-database": {
      "inputs": {
        "nixpkgs": [
          "nixcfg",
          "hydenix",
          "hydenix-nixpkgs"
        ]
      },
      "locked": {
        "lastModified": 1747540584,
        "narHash": "sha256-cxCQ413JTUuRv9Ygd8DABJ1D6kuB/nTfQqC0Lu9C0ls=",
        "owner": "nix-community",
        "repo": "nix-index-database",
        "rev": "ec179dd13fb7b4c6844f55be91436f7857226dce",
        "type": "github"
      },
      "original": {
        "owner": "nix-community",
        "repo": "nix-index-database",
        "type": "github"
      }
    },
    "nixcfg": {
      "inputs": {
        "agenix": "agenix",
        "chaotic": "chaotic",
        "devshells": "devshells",
        "disko": "disko",
        "home-manager": "home-manager_3",
        "hydenix": "hydenix",
        "nix-darwin": "nix-darwin",
        "nix-formatter-pack": "nix-formatter-pack",
        "nixos-generators": "nixos-generators",
        "nixos-hardware": "nixos-hardware_2",
        "nixpkgs": "nixpkgs_2",
        "nixpkgs-trunk": "nixpkgs-trunk",
        "nixpkgs-unstable": "nixpkgs-unstable",
        "vscode-server": "vscode-server",
        "zen-browser": "zen-browser"
      },
      "locked": {
        "lastModified": 1748579516,
        "narHash": "sha256-Q1oDXqUtzZCRyG++jTvhS0oAWnOQiJG/Bzl6D+KvS38=",
        "ref": "refs/heads/main",
        "rev": "a91a67466683a00473a129a923edf06c5ff76799",
        "revCount": 691,
        "type": "git",
        "url": "file:../"
      },
      "original": {
        "type": "git",
        "url": "file:../"
      }
    },
    "nixlib": {
      "locked": {
        "lastModified": 1693701915,
        "narHash": "sha256-waHPLdDYUOHSEtMKKabcKIMhlUOHPOOPQ9UyFeEoovs=",
        "owner": "nix-community",
        "repo": "nixpkgs.lib",
        "rev": "f5af57d3ef9947a70ac86e42695231ac1ad00c25",
        "type": "github"
      },
      "original": {
        "owner": "nix-community",
        "repo": "nixpkgs.lib",
        "type": "github"
      }
    },
    "nixos-generators": {
      "inputs": {
        "nixlib": "nixlib",
        "nixpkgs": [
          "nixcfg",
          "nixpkgs"
        ]
      },
      "locked": {
        "lastModified": 1701140600,
        "narHash": "sha256-cAaj5Hf6lgAO+GGPMN+5lf3PlbTLjr/lGq/yqDT9PoU=",
        "owner": "tcarrio",
        "repo": "nixos-generators",
        "rev": "2a728c313f4b765bed326a3e24d8b547722ca311",
        "type": "github"
      },
      "original": {
        "owner": "tcarrio",
        "repo": "nixos-generators",
        "type": "github"
      }
    },
    "nixos-hardware": {
      "locked": {
        "lastModified": 1747129300,
        "narHash": "sha256-L3clA5YGeYCF47ghsI7Tcex+DnaaN/BbQ4dR2wzoiKg=",
        "owner": "NixOS",
        "repo": "nixos-hardware",
        "rev": "e81fd167b33121269149c57806599045fd33eeed",
        "type": "github"
      },
      "original": {
        "owner": "NixOS",
        "ref": "master",
        "repo": "nixos-hardware",
        "type": "github"
      }
    },
    "nixos-hardware_2": {
      "locked": {
        "lastModified": 1747900541,
        "narHash": "sha256-dn64Pg9xLETjblwZs9Euu/SsjW80pd6lr5qSiyLY1pg=",
        "owner": "NixOS",
        "repo": "nixos-hardware",
        "rev": "11f2d9ea49c3e964315215d6baa73a8d42672f06",
        "type": "github"
      },
      "original": {
        "owner": "NixOS",
        "ref": "master",
        "repo": "nixos-hardware",
        "type": "github"
      }
    },
    "nixphps": {
      "inputs": {
        "flake-compat": "flake-compat",
        "nixpkgs": "nixpkgs",
        "utils": "utils"
      },
      "locked": {
        "lastModified": 1696146809,
        "narHash": "sha256-+VjRYETjJn/ibiZtnCTf719dYzTdu0ehOIlu2TfxSJI=",
        "owner": "fossar",
        "repo": "nix-phps",
        "rev": "305a8f56fa39a18db59e9dd3c2e8f1c9e0932feb",
        "type": "github"
      },
      "original": {
        "owner": "fossar",
        "repo": "nix-phps",
        "type": "github"
      }
    },
    "nixpkgs": {
      "locked": {
        "lastModified": 1695978539,
        "narHash": "sha256-lta5HToBZMWZ2hl5CautNSUgIZViR41QxN7JKbMAjgQ=",
        "owner": "NixOS",
        "repo": "nixpkgs",
        "rev": "bd9b686c0168041aea600222be0805a0de6e6ab8",
        "type": "github"
      },
      "original": {
        "owner": "NixOS",
        "ref": "nixpkgs-unstable",
        "repo": "nixpkgs",
        "type": "github"
      }
    },
    "nixpkgs-trunk": {
      "locked": {
        "lastModified": 1748317464,
        "narHash": "sha256-Fi0pdRuDAkKtGopC29lfrVj1HsY2tTO1mjmXrANQiwc=",
        "owner": "nixos",
        "repo": "nixpkgs",
        "rev": "571c5c020b721496d6a43c647578b07eb1b8d43c",
        "type": "github"
      },
      "original": {
        "owner": "nixos",
        "ref": "master",
        "repo": "nixpkgs",
        "type": "github"
      }
    },
    "nixpkgs-unstable": {
      "locked": {
        "lastModified": 1748190013,
        "narHash": "sha256-R5HJFflOfsP5FBtk+zE8FpL8uqE7n62jqOsADvVshhE=",
        "owner": "nixos",
        "repo": "nixpkgs",
        "rev": "62b852f6c6742134ade1abdd2a21685fd617a291",
        "type": "github"
      },
      "original": {
        "owner": "nixos",
        "ref": "nixos-unstable",
        "repo": "nixpkgs",
        "type": "github"
      }
    },
    "nixpkgs_2": {
      "locked": {
        "lastModified": 1748162331,
        "narHash": "sha256-rqc2RKYTxP3tbjA+PB3VMRQNnjesrT0pEofXQTrMsS8=",
        "owner": "nixos",
        "repo": "nixpkgs",
        "rev": "7c43f080a7f28b2774f3b3f43234ca11661bf334",
        "type": "github"
      },
      "original": {
        "owner": "nixos",
        "ref": "nixos-25.05",
        "repo": "nixpkgs",
        "type": "github"
      }
    },
    "nixpkgs_3": {
      "locked": {
        "lastModified": 1732238832,
        "narHash": "sha256-sQxuJm8rHY20xq6Ah+GwIUkF95tWjGRd1X8xF+Pkk38=",
        "owner": "NixOS",
        "repo": "nixpkgs",
        "rev": "8edf06bea5bcbee082df1b7369ff973b91618b8d",
        "type": "github"
      },
      "original": {
        "owner": "NixOS",
        "ref": "nixpkgs-unstable",
        "repo": "nixpkgs",
        "type": "github"
      }
    },
    "nmd": {
      "flake": false,
      "locked": {
        "lastModified": 1666190571,
        "narHash": "sha256-Z1hc7M9X6L+H83o9vOprijpzhTfOBjd0KmUTnpHAVjA=",
        "owner": "rycee",
        "repo": "nmd",
        "rev": "b75d312b4f33bd3294cd8ae5c2ca8c6da2afc169",
        "type": "gitlab"
      },
      "original": {
        "owner": "rycee",
        "repo": "nmd",
        "type": "gitlab"
      }
    },
    "nmt": {
      "flake": false,
      "locked": {
        "lastModified": 1648075362,
        "narHash": "sha256-u36WgzoA84dMVsGXzml4wZ5ckGgfnvS0ryzo/3zn/Pc=",
        "owner": "rycee",
        "repo": "nmt",
        "rev": "d83601002c99b78c89ea80e5e6ba21addcfe12ae",
        "type": "gitlab"
      },
      "original": {
        "owner": "rycee",
        "repo": "nmt",
        "type": "gitlab"
      }
    },
    "root": {
      "inputs": {
        "flake-utils": "flake-utils",
        "nixcfg": "nixcfg",
        "nixpkgs": "nixpkgs_3"
      }
    },
    "rust-analyzer-src": {
      "flake": false,
      "locked": {
        "lastModified": 1747323949,
        "narHash": "sha256-G4NwzhODScKnXqt2mEQtDFOnI0wU3L1WxsiHX3cID/0=",
        "owner": "rust-lang",
        "repo": "rust-analyzer",
        "rev": "f8e784353bde7cbf9a9046285c1caf41ac484ebe",
        "type": "github"
      },
      "original": {
        "owner": "rust-lang",
        "ref": "nightly",
        "repo": "rust-analyzer",
        "type": "github"
      }
    },
    "systems": {
      "locked": {
        "lastModified": 1681028828,
        "narHash": "sha256-Vy1rq5AaRuLzOxct8nz4T6wlgyUR7zLU309k9mBC768=",
        "owner": "nix-systems",
        "repo": "default",
        "rev": "da67096a3b9bf56a91d16901293e51ba5b49a27e",
        "type": "github"
      },
      "original": {
        "owner": "nix-systems",
        "repo": "default",
        "type": "github"
      }
    },
    "systems_2": {
      "locked": {
        "lastModified": 1681028828,
        "narHash": "sha256-Vy1rq5AaRuLzOxct8nz4T6wlgyUR7zLU309k9mBC768=",
        "owner": "nix-systems",
        "repo": "default",
        "rev": "da67096a3b9bf56a91d16901293e51ba5b49a27e",
        "type": "github"
      },
      "original": {
        "owner": "nix-systems",
        "repo": "default",
        "type": "github"
      }
    },
    "systems_3": {
      "locked": {
        "lastModified": 1681028828,
        "narHash": "sha256-Vy1rq5AaRuLzOxct8nz4T6wlgyUR7zLU309k9mBC768=",
        "owner": "nix-systems",
        "repo": "default",
        "rev": "da67096a3b9bf56a91d16901293e51ba5b49a27e",
        "type": "github"
      },
      "original": {
        "owner": "nix-systems",
        "repo": "default",
        "type": "github"
      }
    },
    "systems_4": {
      "locked": {
        "lastModified": 1681028828,
        "narHash": "sha256-Vy1rq5AaRuLzOxct8nz4T6wlgyUR7zLU309k9mBC768=",
        "owner": "nix-systems",
        "repo": "default",
        "rev": "da67096a3b9bf56a91d16901293e51ba5b49a27e",
        "type": "github"
      },
      "original": {
        "owner": "nix-systems",
        "repo": "default",
        "type": "github"
      }
    },
    "utils": {
      "inputs": {
        "systems": "systems_3"
      },
      "locked": {
        "lastModified": 1694529238,
        "narHash": "sha256-zsNZZGTGnMOf9YpHKJqMSsa0dXbfmxeoJ7xHlrt+xmY=",
        "owner": "numtide",
        "repo": "flake-utils",
        "rev": "ff7b65b44d01cf9ba6a71320833626af21126384",
        "type": "github"
      },
      "original": {
        "owner": "numtide",
        "repo": "flake-utils",
        "type": "github"
      }
    },
    "vscode-server": {
      "inputs": {
        "flake-utils": "flake-utils_2",
        "nixpkgs": [
          "nixcfg",
          "nixpkgs"
        ]
      },
      "locked": {
        "lastModified": 1729422940,
        "narHash": "sha256-DlvJv33ml5UTKgu4b0HauOfFIoDx6QXtbqUF3vWeRCY=",
        "owner": "msteen",
        "repo": "nixos-vscode-server",
        "rev": "8b6db451de46ecf9b4ab3d01ef76e59957ff549f",
        "type": "github"
      },
      "original": {
        "owner": "msteen",
        "repo": "nixos-vscode-server",
        "type": "github"
      }
    },
    "zen-browser": {
      "inputs": {
        "nixpkgs": [
          "nixcfg",
          "nixpkgs"
        ]
      },
      "locked": {
        "lastModified": 1727721329,
        "narHash": "sha256-QYlWZwUSwrM7BuO+dXclZIwoPvBIuJr6GpFKv9XKFPI=",
        "owner": "MarceColl",
        "repo": "zen-browser-flake",
        "rev": "e6ab73f405e9a2896cce5956c549a9cc359e5fcc",
        "type": "github"
      },
      "original": {
        "owner": "MarceColl",
        "repo": "zen-browser-flake",
        "type": "github"
      }
    }
  },
  "root": "root",
  "version": 7
}
